// !$*UTF8*$!
{
	archiveVersion = 1;
	classes = {
	};
	objectVersion = 55;
	objects = {

/* Begin PBXBuildFile section */
		732EED8A927DD71B913DA84E /* Pods_HalykStocks.framework in Frameworks */ = {isa = PBXBuildFile; fileRef = 2F05F4F53B1A570DA26BB5FE /* Pods_HalykStocks.framework */; };
		CEA08E16283D4462001375DA /* StockCell.swift in Sources */ = {isa = PBXBuildFile; fileRef = CEA08E15283D4462001375DA /* StockCell.swift */; };
		CEA08E2D283DF8EC001375DA /* Montserrat-LightItalic.ttf in Resources */ = {isa = PBXBuildFile; fileRef = CEA08E19283DF8EB001375DA /* Montserrat-LightItalic.ttf */; };
		CEA08E2E283DF8EC001375DA /* Montserrat-Medium.ttf in Resources */ = {isa = PBXBuildFile; fileRef = CEA08E1A283DF8EC001375DA /* Montserrat-Medium.ttf */; };
		CEA08E30283DF8EC001375DA /* Montserrat-BoldItalic.ttf in Resources */ = {isa = PBXBuildFile; fileRef = CEA08E1C283DF8EC001375DA /* Montserrat-BoldItalic.ttf */; };
		CEA08E31283DF8EC001375DA /* Montserrat-Light.ttf in Resources */ = {isa = PBXBuildFile; fileRef = CEA08E1D283DF8EC001375DA /* Montserrat-Light.ttf */; };
		CEA08E32283DF8EC001375DA /* Montserrat-ThinItalic.ttf in Resources */ = {isa = PBXBuildFile; fileRef = CEA08E1E283DF8EC001375DA /* Montserrat-ThinItalic.ttf */; };
		CEA08E33283DF8EC001375DA /* Montserrat-ExtraLight.ttf in Resources */ = {isa = PBXBuildFile; fileRef = CEA08E1F283DF8EC001375DA /* Montserrat-ExtraLight.ttf */; };
		CEA08E34283DF8EC001375DA /* Montserrat-Thin.ttf in Resources */ = {isa = PBXBuildFile; fileRef = CEA08E20283DF8EC001375DA /* Montserrat-Thin.ttf */; };
		CEA08E35283DF8EC001375DA /* Montserrat-Bold.ttf in Resources */ = {isa = PBXBuildFile; fileRef = CEA08E21283DF8EC001375DA /* Montserrat-Bold.ttf */; };
		CEA08E36283DF8EC001375DA /* Montserrat-MediumItalic.ttf in Resources */ = {isa = PBXBuildFile; fileRef = CEA08E22283DF8EC001375DA /* Montserrat-MediumItalic.ttf */; };
		CEA08E37283DF8EC001375DA /* Montserrat-BlackItalic.ttf in Resources */ = {isa = PBXBuildFile; fileRef = CEA08E23283DF8EC001375DA /* Montserrat-BlackItalic.ttf */; };
		CEA08E38283DF8EC001375DA /* Montserrat-SemiBold.ttf in Resources */ = {isa = PBXBuildFile; fileRef = CEA08E24283DF8EC001375DA /* Montserrat-SemiBold.ttf */; };
		CEA08E39283DF8EC001375DA /* Montserrat-ExtraLightItalic.ttf in Resources */ = {isa = PBXBuildFile; fileRef = CEA08E25283DF8EC001375DA /* Montserrat-ExtraLightItalic.ttf */; };
		CEA08E3A283DF8EC001375DA /* Montserrat-ExtraBold.ttf in Resources */ = {isa = PBXBuildFile; fileRef = CEA08E26283DF8EC001375DA /* Montserrat-ExtraBold.ttf */; };
		CEA08E3B283DF8EC001375DA /* Montserrat-Black.ttf in Resources */ = {isa = PBXBuildFile; fileRef = CEA08E27283DF8EC001375DA /* Montserrat-Black.ttf */; };
		CEA08E3C283DF8EC001375DA /* Montserrat-Regular.ttf in Resources */ = {isa = PBXBuildFile; fileRef = CEA08E28283DF8EC001375DA /* Montserrat-Regular.ttf */; };
		CEA08E3D283DF8EC001375DA /* Montserrat-Italic.ttf in Resources */ = {isa = PBXBuildFile; fileRef = CEA08E29283DF8EC001375DA /* Montserrat-Italic.ttf */; };
		CEA08E3F283DF8EC001375DA /* Montserrat-SemiBoldItalic.ttf in Resources */ = {isa = PBXBuildFile; fileRef = CEA08E2B283DF8EC001375DA /* Montserrat-SemiBoldItalic.ttf */; };
		CEA08E40283DF8EC001375DA /* Montserrat-ExtraBoldItalic.ttf in Resources */ = {isa = PBXBuildFile; fileRef = CEA08E2C283DF8EC001375DA /* Montserrat-ExtraBoldItalic.ttf */; };
		CEA08E55283F9173001375DA /* Extensions.swift in Sources */ = {isa = PBXBuildFile; fileRef = CEA08E54283F9173001375DA /* Extensions.swift */; };
		CEA3866D283D3F6A0061FCF0 /* AppDelegate.swift in Sources */ = {isa = PBXBuildFile; fileRef = CEA3866C283D3F6A0061FCF0 /* AppDelegate.swift */; };
		CEA38671283D3F6A0061FCF0 /* StocksViewController.swift in Sources */ = {isa = PBXBuildFile; fileRef = CEA38670283D3F6A0061FCF0 /* StocksViewController.swift */; };
		CEA38676283D3F6D0061FCF0 /* Assets.xcassets in Resources */ = {isa = PBXBuildFile; fileRef = CEA38675283D3F6D0061FCF0 /* Assets.xcassets */; };
		CEA38679283D3F6D0061FCF0 /* LaunchScreen.storyboard in Resources */ = {isa = PBXBuildFile; fileRef = CEA38677283D3F6D0061FCF0 /* LaunchScreen.storyboard */; };
/* End PBXBuildFile section */

/* Begin PBXFileReference section */
		1AC584540FA45BD4F7A0E13A /* Pods-HalykStocks.debug.xcconfig */ = {isa = PBXFileReference; includeInIndex = 1; lastKnownFileType = text.xcconfig; name = "Pods-HalykStocks.debug.xcconfig"; path = "Target Support Files/Pods-HalykStocks/Pods-HalykStocks.debug.xcconfig"; sourceTree = "<group>"; };
		2F05F4F53B1A570DA26BB5FE /* Pods_HalykStocks.framework */ = {isa = PBXFileReference; explicitFileType = wrapper.framework; includeInIndex = 0; path = Pods_HalykStocks.framework; sourceTree = BUILT_PRODUCTS_DIR; };
		4111A3048424DC3059F74FA6 /* Pods-HalykStocks.release.xcconfig */ = {isa = PBXFileReference; includeInIndex = 1; lastKnownFileType = text.xcconfig; name = "Pods-HalykStocks.release.xcconfig"; path = "Target Support Files/Pods-HalykStocks/Pods-HalykStocks.release.xcconfig"; sourceTree = "<group>"; };
		CEA08E15283D4462001375DA /* StockCell.swift */ = {isa = PBXFileReference; lastKnownFileType = sourcecode.swift; path = StockCell.swift; sourceTree = "<group>"; };
		CEA08E19283DF8EB001375DA /* Montserrat-LightItalic.ttf */ = {isa = PBXFileReference; lastKnownFileType = file; path = "Montserrat-LightItalic.ttf"; sourceTree = "<group>"; };
		CEA08E1A283DF8EC001375DA /* Montserrat-Medium.ttf */ = {isa = PBXFileReference; lastKnownFileType = file; path = "Montserrat-Medium.ttf"; sourceTree = "<group>"; };
		CEA08E1C283DF8EC001375DA /* Montserrat-BoldItalic.ttf */ = {isa = PBXFileReference; lastKnownFileType = file; path = "Montserrat-BoldItalic.ttf"; sourceTree = "<group>"; };
		CEA08E1D283DF8EC001375DA /* Montserrat-Light.ttf */ = {isa = PBXFileReference; lastKnownFileType = file; path = "Montserrat-Light.ttf"; sourceTree = "<group>"; };
		CEA08E1E283DF8EC001375DA /* Montserrat-ThinItalic.ttf */ = {isa = PBXFileReference; lastKnownFileType = file; path = "Montserrat-ThinItalic.ttf"; sourceTree = "<group>"; };
		CEA08E1F283DF8EC001375DA /* Montserrat-ExtraLight.ttf */ = {isa = PBXFileReference; lastKnownFileType = file; path = "Montserrat-ExtraLight.ttf"; sourceTree = "<group>"; };
		CEA08E20283DF8EC001375DA /* Montserrat-Thin.ttf */ = {isa = PBXFileReference; lastKnownFileType = file; path = "Montserrat-Thin.ttf"; sourceTree = "<group>"; };
		CEA08E21283DF8EC001375DA /* Montserrat-Bold.ttf */ = {isa = PBXFileReference; lastKnownFileType = file; path = "Montserrat-Bold.ttf"; sourceTree = "<group>"; };
		CEA08E22283DF8EC001375DA /* Montserrat-MediumItalic.ttf */ = {isa = PBXFileReference; lastKnownFileType = file; path = "Montserrat-MediumItalic.ttf"; sourceTree = "<group>"; };
		CEA08E23283DF8EC001375DA /* Montserrat-BlackItalic.ttf */ = {isa = PBXFileReference; lastKnownFileType = file; path = "Montserrat-BlackItalic.ttf"; sourceTree = "<group>"; };
		CEA08E24283DF8EC001375DA /* Montserrat-SemiBold.ttf */ = {isa = PBXFileReference; lastKnownFileType = file; path = "Montserrat-SemiBold.ttf"; sourceTree = "<group>"; };
		CEA08E25283DF8EC001375DA /* Montserrat-ExtraLightItalic.ttf */ = {isa = PBXFileReference; lastKnownFileType = file; path = "Montserrat-ExtraLightItalic.ttf"; sourceTree = "<group>"; };
		CEA08E26283DF8EC001375DA /* Montserrat-ExtraBold.ttf */ = {isa = PBXFileReference; lastKnownFileType = file; path = "Montserrat-ExtraBold.ttf"; sourceTree = "<group>"; };
		CEA08E27283DF8EC001375DA /* Montserrat-Black.ttf */ = {isa = PBXFileReference; lastKnownFileType = file; path = "Montserrat-Black.ttf"; sourceTree = "<group>"; };
		CEA08E28283DF8EC001375DA /* Montserrat-Regular.ttf */ = {isa = PBXFileReference; lastKnownFileType = file; path = "Montserrat-Regular.ttf"; sourceTree = "<group>"; };
		CEA08E29283DF8EC001375DA /* Montserrat-Italic.ttf */ = {isa = PBXFileReference; lastKnownFileType = file; path = "Montserrat-Italic.ttf"; sourceTree = "<group>"; };
		CEA08E2B283DF8EC001375DA /* Montserrat-SemiBoldItalic.ttf */ = {isa = PBXFileReference; lastKnownFileType = file; path = "Montserrat-SemiBoldItalic.ttf"; sourceTree = "<group>"; };
		CEA08E2C283DF8EC001375DA /* Montserrat-ExtraBoldItalic.ttf */ = {isa = PBXFileReference; lastKnownFileType = file; path = "Montserrat-ExtraBoldItalic.ttf"; sourceTree = "<group>"; };
		CEA08E54283F9173001375DA /* Extensions.swift */ = {isa = PBXFileReference; lastKnownFileType = sourcecode.swift; path = Extensions.swift; sourceTree = "<group>"; };
		CEA38669283D3F6A0061FCF0 /* HalykStocks.app */ = {isa = PBXFileReference; explicitFileType = wrapper.application; includeInIndex = 0; path = HalykStocks.app; sourceTree = BUILT_PRODUCTS_DIR; };
		CEA3866C283D3F6A0061FCF0 /* AppDelegate.swift */ = {isa = PBXFileReference; lastKnownFileType = sourcecode.swift; path = AppDelegate.swift; sourceTree = "<group>"; };
		CEA38670283D3F6A0061FCF0 /* StocksViewController.swift */ = {isa = PBXFileReference; lastKnownFileType = sourcecode.swift; path = StocksViewController.swift; sourceTree = "<group>"; };
		CEA38675283D3F6D0061FCF0 /* Assets.xcassets */ = {isa = PBXFileReference; lastKnownFileType = folder.assetcatalog; path = Assets.xcassets; sourceTree = "<group>"; };
		CEA38678283D3F6D0061FCF0 /* Base */ = {isa = PBXFileReference; lastKnownFileType = file.storyboard; name = Base; path = Base.lproj/LaunchScreen.storyboard; sourceTree = "<group>"; };
		CEA3867A283D3F6D0061FCF0 /* Info.plist */ = {isa = PBXFileReference; lastKnownFileType = text.plist.xml; path = Info.plist; sourceTree = "<group>"; };
/* End PBXFileReference section */

/* Begin PBXFrameworksBuildPhase section */
		CEA38666283D3F6A0061FCF0 /* Frameworks */ = {
			isa = PBXFrameworksBuildPhase;
			buildActionMask = 2147483647;
			files = (
				732EED8A927DD71B913DA84E /* Pods_HalykStocks.framework in Frameworks */,
			);
			runOnlyForDeploymentPostprocessing = 0;
		};
/* End PBXFrameworksBuildPhase section */

/* Begin PBXGroup section */
		6867F411B1105904A123E06C /* Pods */ = {
			isa = PBXGroup;
			children = (
				1AC584540FA45BD4F7A0E13A /* Pods-HalykStocks.debug.xcconfig */,
				4111A3048424DC3059F74FA6 /* Pods-HalykStocks.release.xcconfig */,
			);
			path = Pods;
			sourceTree = "<group>";
		};
		CEA08E17283DF78A001375DA /* Supporting Files */ = {
			isa = PBXGroup;
			children = (
				CEA38675283D3F6D0061FCF0 /* Assets.xcassets */,
				CEA08E18283DF8EB001375DA /* Montserrat */,
				CEA08E54283F9173001375DA /* Extensions.swift */,
			);
			path = "Supporting Files";
			sourceTree = "<group>";
		};
		CEA08E18283DF8EB001375DA /* Montserrat */ = {
			isa = PBXGroup;
			children = (
				CEA08E19283DF8EB001375DA /* Montserrat-LightItalic.ttf */,
				CEA08E1A283DF8EC001375DA /* Montserrat-Medium.ttf */,
				CEA08E1C283DF8EC001375DA /* Montserrat-BoldItalic.ttf */,
				CEA08E1D283DF8EC001375DA /* Montserrat-Light.ttf */,
				CEA08E1E283DF8EC001375DA /* Montserrat-ThinItalic.ttf */,
				CEA08E1F283DF8EC001375DA /* Montserrat-ExtraLight.ttf */,
				CEA08E20283DF8EC001375DA /* Montserrat-Thin.ttf */,
				CEA08E21283DF8EC001375DA /* Montserrat-Bold.ttf */,
				CEA08E22283DF8EC001375DA /* Montserrat-MediumItalic.ttf */,
				CEA08E23283DF8EC001375DA /* Montserrat-BlackItalic.ttf */,
				CEA08E24283DF8EC001375DA /* Montserrat-SemiBold.ttf */,
				CEA08E25283DF8EC001375DA /* Montserrat-ExtraLightItalic.ttf */,
				CEA08E26283DF8EC001375DA /* Montserrat-ExtraBold.ttf */,
				CEA08E27283DF8EC001375DA /* Montserrat-Black.ttf */,
				CEA08E28283DF8EC001375DA /* Montserrat-Regular.ttf */,
				CEA08E29283DF8EC001375DA /* Montserrat-Italic.ttf */,
				CEA08E2B283DF8EC001375DA /* Montserrat-SemiBoldItalic.ttf */,
				CEA08E2C283DF8EC001375DA /* Montserrat-ExtraBoldItalic.ttf */,
			);
			path = Montserrat;
			sourceTree = "<group>";
		};
		CEA38660283D3F6A0061FCF0 = {
			isa = PBXGroup;
			children = (
				CEA3866B283D3F6A0061FCF0 /* HalykStocks */,
				CEA3866A283D3F6A0061FCF0 /* Products */,
				6867F411B1105904A123E06C /* Pods */,
				CFC573B1E0E6BD2EDE550501 /* Frameworks */,
			);
			sourceTree = "<group>";
		};
		CEA3866A283D3F6A0061FCF0 /* Products */ = {
			isa = PBXGroup;
			children = (
				CEA38669283D3F6A0061FCF0 /* HalykStocks.app */,
			);
			name = Products;
			sourceTree = "<group>";
		};
		CEA3866B283D3F6A0061FCF0 /* HalykStocks */ = {
			isa = PBXGroup;
			children = (
				CEA08E17283DF78A001375DA /* Supporting Files */,
				CEA3866C283D3F6A0061FCF0 /* AppDelegate.swift */,
				CEA38670283D3F6A0061FCF0 /* StocksViewController.swift */,
				CEA08E15283D4462001375DA /* StockCell.swift */,
				CEA38677283D3F6D0061FCF0 /* LaunchScreen.storyboard */,
				CEA3867A283D3F6D0061FCF0 /* Info.plist */,
			);
			path = HalykStocks;
			sourceTree = "<group>";
		};
		CFC573B1E0E6BD2EDE550501 /* Frameworks */ = {
			isa = PBXGroup;
			children = (
				2F05F4F53B1A570DA26BB5FE /* Pods_HalykStocks.framework */,
			);
			name = Frameworks;
			sourceTree = "<group>";
		};
/* End PBXGroup section */

/* Begin PBXNativeTarget section */
		CEA38668283D3F6A0061FCF0 /* HalykStocks */ = {
			isa = PBXNativeTarget;
			buildConfigurationList = CEA3867D283D3F6D0061FCF0 /* Build configuration list for PBXNativeTarget "HalykStocks" */;
			buildPhases = (
				7059BF8D368F5DC55849F806 /* [CP] Check Pods Manifest.lock */,
				CEA38665283D3F6A0061FCF0 /* Sources */,
				CEA38666283D3F6A0061FCF0 /* Frameworks */,
				CEA38667283D3F6A0061FCF0 /* Resources */,
				0A15295B5A275A275A6FE253 /* [CP] Embed Pods Frameworks */,
			);
			buildRules = (
			);
			dependencies = (
			);
			name = HalykStocks;
			productName = HalykStocks;
			productReference = CEA38669283D3F6A0061FCF0 /* HalykStocks.app */;
			productType = "com.apple.product-type.application";
		};
/* End PBXNativeTarget section */

/* Begin PBXProject section */
		CEA38661283D3F6A0061FCF0 /* Project object */ = {
			isa = PBXProject;
			attributes = {
				BuildIndependentTargetsInParallel = 1;
				LastSwiftUpdateCheck = 1330;
				LastUpgradeCheck = 1330;
				TargetAttributes = {
					CEA38668283D3F6A0061FCF0 = {
						CreatedOnToolsVersion = 13.3.1;
					};
				};
			};
			buildConfigurationList = CEA38664283D3F6A0061FCF0 /* Build configuration list for PBXProject "HalykStocks" */;
			compatibilityVersion = "Xcode 13.0";
			developmentRegion = en;
			hasScannedForEncodings = 0;
			knownRegions = (
				en,
				Base,
			);
			mainGroup = CEA38660283D3F6A0061FCF0;
			productRefGroup = CEA3866A283D3F6A0061FCF0 /* Products */;
			projectDirPath = "";
			projectRoot = "";
			targets = (
				CEA38668283D3F6A0061FCF0 /* HalykStocks */,
			);
		};
/* End PBXProject section */

/* Begin PBXResourcesBuildPhase section */
		CEA38667283D3F6A0061FCF0 /* Resources */ = {
			isa = PBXResourcesBuildPhase;
			buildActionMask = 2147483647;
			files = (
				CEA08E3F283DF8EC001375DA /* Montserrat-SemiBoldItalic.ttf in Resources */,
				CEA08E3C283DF8EC001375DA /* Montserrat-Regular.ttf in Resources */,
				CEA08E34283DF8EC001375DA /* Montserrat-Thin.ttf in Resources */,
				CEA08E3B283DF8EC001375DA /* Montserrat-Black.ttf in Resources */,
				CEA08E31283DF8EC001375DA /* Montserrat-Light.ttf in Resources */,
				CEA08E39283DF8EC001375DA /* Montserrat-ExtraLightItalic.ttf in Resources */,
				CEA08E30283DF8EC001375DA /* Montserrat-BoldItalic.ttf in Resources */,
				CEA08E3D283DF8EC001375DA /* Montserrat-Italic.ttf in Resources */,
				CEA08E32283DF8EC001375DA /* Montserrat-ThinItalic.ttf in Resources */,
				CEA08E3A283DF8EC001375DA /* Montserrat-ExtraBold.ttf in Resources */,
				CEA08E33283DF8EC001375DA /* Montserrat-ExtraLight.ttf in Resources */,
				CEA38679283D3F6D0061FCF0 /* LaunchScreen.storyboard in Resources */,
				CEA38676283D3F6D0061FCF0 /* Assets.xcassets in Resources */,
				CEA08E2E283DF8EC001375DA /* Montserrat-Medium.ttf in Resources */,
				CEA08E37283DF8EC001375DA /* Montserrat-BlackItalic.ttf in Resources */,
				CEA08E38283DF8EC001375DA /* Montserrat-SemiBold.ttf in Resources */,
				CEA08E35283DF8EC001375DA /* Montserrat-Bold.ttf in Resources */,
				CEA08E36283DF8EC001375DA /* Montserrat-MediumItalic.ttf in Resources */,
				CEA08E2D283DF8EC001375DA /* Montserrat-LightItalic.ttf in Resources */,
				CEA08E40283DF8EC001375DA /* Montserrat-ExtraBoldItalic.ttf in Resources */,
			);
			runOnlyForDeploymentPostprocessing = 0;
		};
/* End PBXResourcesBuildPhase section */

/* Begin PBXShellScriptBuildPhase section */
		0A15295B5A275A275A6FE253 /* [CP] Embed Pods Frameworks */ = {
			isa = PBXShellScriptBuildPhase;
			buildActionMask = 2147483647;
			files = (
			);
			inputFileListPaths = (
				"${PODS_ROOT}/Target Support Files/Pods-HalykStocks/Pods-HalykStocks-frameworks-${CONFIGURATION}-input-files.xcfilelist",
			);
			name = "[CP] Embed Pods Frameworks";
			outputFileListPaths = (
				"${PODS_ROOT}/Target Support Files/Pods-HalykStocks/Pods-HalykStocks-frameworks-${CONFIGURATION}-output-files.xcfilelist",
			);
			runOnlyForDeploymentPostprocessing = 0;
			shellPath = /bin/sh;
			shellScript = "\"${PODS_ROOT}/Target Support Files/Pods-HalykStocks/Pods-HalykStocks-frameworks.sh\"\n";
			showEnvVarsInLog = 0;
		};
		7059BF8D368F5DC55849F806 /* [CP] Check Pods Manifest.lock */ = {
			isa = PBXShellScriptBuildPhase;
			buildActionMask = 2147483647;
			files = (
			);
			inputFileListPaths = (
			);
			inputPaths = (
				"${PODS_PODFILE_DIR_PATH}/Podfile.lock",
				"${PODS_ROOT}/Manifest.lock",
			);
			name = "[CP] Check Pods Manifest.lock";
			outputFileListPaths = (
			);
			outputPaths = (
				"$(DERIVED_FILE_DIR)/Pods-HalykStocks-checkManifestLockResult.txt",
			);
			runOnlyForDeploymentPostprocessing = 0;
			shellPath = /bin/sh;
			shellScript = "diff \"${PODS_PODFILE_DIR_PATH}/Podfile.lock\" \"${PODS_ROOT}/Manifest.lock\" > /dev/null\nif [ $? != 0 ] ; then\n    # print error to STDERR\n    echo \"error: The sandbox is not in sync with the Podfile.lock. Run 'pod install' or update your CocoaPods installation.\" >&2\n    exit 1\nfi\n# This output is used by Xcode 'outputs' to avoid re-running this script phase.\necho \"SUCCESS\" > \"${SCRIPT_OUTPUT_FILE_0}\"\n";
			showEnvVarsInLog = 0;
		};
/* End PBXShellScriptBuildPhase section */

/* Begin PBXSourcesBuildPhase section */
		CEA38665283D3F6A0061FCF0 /* Sources */ = {
			isa = PBXSourcesBuildPhase;
			buildActionMask = 2147483647;
			files = (
				CEA38671283D3F6A0061FCF0 /* StocksViewController.swift in Sources */,
				CEA3866D283D3F6A0061FCF0 /* AppDelegate.swift in Sources */,
				CEA08E16283D4462001375DA /* StockCell.swift in Sources */,
				CEA08E55283F9173001375DA /* Extensions.swift in Sources */,
			);
			runOnlyForDeploymentPostprocessing = 0;
		};
/* End PBXSourcesBuildPhase section */

/* Begin PBXVariantGroup section */
		CEA38677283D3F6D0061FCF0 /* LaunchScreen.storyboard */ = {
			isa = PBXVariantGroup;
			children = (
				CEA38678283D3F6D0061FCF0 /* Base */,
			);
			name = LaunchScreen.storyboard;
			sourceTree = "<group>";
		};
/* End PBXVariantGroup section */

/* Begin XCBuildConfiguration section */
		CEA3867B283D3F6D0061FCF0 /* Debug */ = {
			isa = XCBuildConfiguration;
			buildSettings = {
				ALWAYS_SEARCH_USER_PATHS = NO;
				CLANG_ANALYZER_NONNULL = YES;
				CLANG_ANALYZER_NUMBER_OBJECT_CONVERSION = YES_AGGRESSIVE;
				CLANG_CXX_LANGUAGE_STANDARD = "gnu++17";
				CLANG_ENABLE_MODULES = YES;
				CLANG_ENABLE_OBJC_ARC = YES;
				CLANG_ENABLE_OBJC_WEAK = YES;
				CLANG_WARN_BLOCK_CAPTURE_AUTORELEASING = YES;
				CLANG_WARN_BOOL_CONVERSION = YES;
				CLANG_WARN_COMMA = YES;
				CLANG_WARN_CONSTANT_CONVERSION = YES;
				CLANG_WARN_DEPRECATED_OBJC_IMPLEMENTATIONS = YES;
				CLANG_WARN_DIRECT_OBJC_ISA_USAGE = YES_ERROR;
				CLANG_WARN_DOCUMENTATION_COMMENTS = YES;
				CLANG_WARN_EMPTY_BODY = YES;
				CLANG_WARN_ENUM_CONVERSION = YES;
				CLANG_WARN_INFINITE_RECURSION = YES;
				CLANG_WARN_INT_CONVERSION = YES;
				CLANG_WARN_NON_LITERAL_NULL_CONVERSION = YES;
				CLANG_WARN_OBJC_IMPLICIT_RETAIN_SELF = YES;
				CLANG_WARN_OBJC_LITERAL_CONVERSION = YES;
				CLANG_WARN_OBJC_ROOT_CLASS = YES_ERROR;
				CLANG_WARN_QUOTED_INCLUDE_IN_FRAMEWORK_HEADER = YES;
				CLANG_WARN_RANGE_LOOP_ANALYSIS = YES;
				CLANG_WARN_STRICT_PROTOTYPES = YES;
				CLANG_WARN_SUSPICIOUS_MOVE = YES;
				CLANG_WARN_UNGUARDED_AVAILABILITY = YES_AGGRESSIVE;
				CLANG_WARN_UNREACHABLE_CODE = YES;
				CLANG_WARN__DUPLICATE_METHOD_MATCH = YES;
				COPY_PHASE_STRIP = NO;
				DEBUG_INFORMATION_FORMAT = dwarf;
				ENABLE_STRICT_OBJC_MSGSEND = YES;
				ENABLE_TESTABILITY = YES;
				GCC_C_LANGUAGE_STANDARD = gnu11;
				GCC_DYNAMIC_NO_PIC = NO;
				GCC_NO_COMMON_BLOCKS = YES;
				GCC_OPTIMIZATION_LEVEL = 0;
				GCC_PREPROCESSOR_DEFINITIONS = (
					"DEBUG=1",
					"$(inherited)",
				);
				GCC_WARN_64_TO_32_BIT_CONVERSION = YES;
				GCC_WARN_ABOUT_RETURN_TYPE = YES_ERROR;
				GCC_WARN_UNDECLARED_SELECTOR = YES;
				GCC_WARN_UNINITIALIZED_AUTOS = YES_AGGRESSIVE;
				GCC_WARN_UNUSED_FUNCTION = YES;
				GCC_WARN_UNUSED_VARIABLE = YES;
				IPHONEOS_DEPLOYMENT_TARGET = 15.4;
				MTL_ENABLE_DEBUG_INFO = INCLUDE_SOURCE;
				MTL_FAST_MATH = YES;
				ONLY_ACTIVE_ARCH = YES;
				SDKROOT = iphoneos;
				SWIFT_ACTIVE_COMPILATION_CONDITIONS = DEBUG;
				SWIFT_OPTIMIZATION_LEVEL = "-Onone";
			};
			name = Debug;
		};
		CEA3867C283D3F6D0061FCF0 /* Release */ = {
			isa = XCBuildConfiguration;
			buildSettings = {
				ALWAYS_SEARCH_USER_PATHS = NO;
				CLANG_ANALYZER_NONNULL = YES;
				CLANG_ANALYZER_NUMBER_OBJECT_CONVERSION = YES_AGGRESSIVE;
				CLANG_CXX_LANGUAGE_STANDARD = "gnu++17";
				CLANG_ENABLE_MODULES = YES;
				CLANG_ENABLE_OBJC_ARC = YES;
				CLANG_ENABLE_OBJC_WEAK = YES;
				CLANG_WARN_BLOCK_CAPTURE_AUTORELEASING = YES;
				CLANG_WARN_BOOL_CONVERSION = YES;
				CLANG_WARN_COMMA = YES;
				CLANG_WARN_CONSTANT_CONVERSION = YES;
				CLANG_WARN_DEPRECATED_OBJC_IMPLEMENTATIONS = YES;
				CLANG_WARN_DIRECT_OBJC_ISA_USAGE = YES_ERROR;
				CLANG_WARN_DOCUMENTATION_COMMENTS = YES;
				CLANG_WARN_EMPTY_BODY = YES;
				CLANG_WARN_ENUM_CONVERSION = YES;
				CLANG_WARN_INFINITE_RECURSION = YES;
				CLANG_WARN_INT_CONVERSION = YES;
				CLANG_WARN_NON_LITERAL_NULL_CONVERSION = YES;
				CLANG_WARN_OBJC_IMPLICIT_RETAIN_SELF = YES;
				CLANG_WARN_OBJC_LITERAL_CONVERSION = YES;
				CLANG_WARN_OBJC_ROOT_CLASS = YES_ERROR;
				CLANG_WARN_QUOTED_INCLUDE_IN_FRAMEWORK_HEADER = YES;
				CLANG_WARN_RANGE_LOOP_ANALYSIS = YES;
				CLANG_WARN_STRICT_PROTOTYPES = YES;
				CLANG_WARN_SUSPICIOUS_MOVE = YES;
				CLANG_WARN_UNGUARDED_AVAILABILITY = YES_AGGRESSIVE;
				CLANG_WARN_UNREACHABLE_CODE = YES;
				CLANG_WARN__DUPLICATE_METHOD_MATCH = YES;
				COPY_PHASE_STRIP = NO;
				DEBUG_INFORMATION_FORMAT = "dwarf-with-dsym";
				ENABLE_NS_ASSERTIONS = NO;
				ENABLE_STRICT_OBJC_MSGSEND = YES;
				GCC_C_LANGUAGE_STANDARD = gnu11;
				GCC_NO_COMMON_BLOCKS = YES;
				GCC_WARN_64_TO_32_BIT_CONVERSION = YES;
				GCC_WARN_ABOUT_RETURN_TYPE = YES_ERROR;
				GCC_WARN_UNDECLARED_SELECTOR = YES;
				GCC_WARN_UNINITIALIZED_AUTOS = YES_AGGRESSIVE;
				GCC_WARN_UNUSED_FUNCTION = YES;
				GCC_WARN_UNUSED_VARIABLE = YES;
				IPHONEOS_DEPLOYMENT_TARGET = 15.4;
				MTL_ENABLE_DEBUG_INFO = NO;
				MTL_FAST_MATH = YES;
				SDKROOT = iphoneos;
				SWIFT_COMPILATION_MODE = wholemodule;
				SWIFT_OPTIMIZATION_LEVEL = "-O";
				VALIDATE_PRODUCT = YES;
			};
			name = Release;
		};
		CEA3867E283D3F6D0061FCF0 /* Debug */ = {
			isa = XCBuildConfiguration;
			baseConfigurationReference = 1AC584540FA45BD4F7A0E13A /* Pods-HalykStocks.debug.xcconfig */;
			buildSettings = {
				ASSETCATALOG_COMPILER_APPICON_NAME = AppIcon;
				ASSETCATALOG_COMPILER_GLOBAL_ACCENT_COLOR_NAME = AccentColor;
				CODE_SIGN_STYLE = Automatic;
				CURRENT_PROJECT_VERSION = 1;
				DEVELOPMENT_TEAM = WPGA7ZMN23;
				GENERATE_INFOPLIST_FILE = YES;
				INFOPLIST_FILE = HalykStocks/Info.plist;
				INFOPLIST_KEY_UIApplicationSupportsIndirectInputEvents = YES;
				INFOPLIST_KEY_UILaunchStoryboardName = LaunchScreen;
				INFOPLIST_KEY_UISupportedInterfaceOrientations_iPad = "UIInterfaceOrientationPortrait UIInterfaceOrientationPortraitUpsideDown UIInterfaceOrientationLandscapeLeft UIInterfaceOrientationLandscapeRight";
				INFOPLIST_KEY_UISupportedInterfaceOrientations_iPhone = "UIInterfaceOrientationPortrait UIInterfaceOrientationLandscapeLeft UIInterfaceOrientationLandscapeRight";
				LD_RUNPATH_SEARCH_PATHS = (
					"$(inherited)",
					"@executable_path/Frameworks",
				);
				MARKETING_VERSION = 1.0;
				PRODUCT_BUNDLE_IDENTIFIER = com.yesserkepov.HalykStocks;
				PRODUCT_NAME = "$(TARGET_NAME)";
				SWIFT_EMIT_LOC_STRINGS = YES;
				SWIFT_VERSION = 5.0;
				TARGETED_DEVICE_FAMILY = "1,2";
			};
			name = Debug;
		};
		CEA3867F283D3F6D0061FCF0 /* Release */ = {
			isa = XCBuildConfiguration;
			baseConfigurationReference = 4111A3048424DC3059F74FA6 /* Pods-HalykStocks.release.xcconfig */;
			buildSettings = {
				ASSETCATALOG_COMPILER_APPICON_NAME = AppIcon;
				ASSETCATALOG_COMPILER_GLOBAL_ACCENT_COLOR_NAME = AccentColor;
				CODE_SIGN_STYLE = Automatic;
				CURRENT_PROJECT_VERSION = 1;
				DEVELOPMENT_TEAM = WPGA7ZMN23;
				GENERATE_INFOPLIST_FILE = YES;
				INFOPLIST_FILE = HalykStocks/Info.plist;
				INFOPLIST_KEY_UIApplicationSupportsIndirectInputEvents = YES;
				INFOPLIST_KEY_UILaunchStoryboardName = LaunchScreen;
				INFOPLIST_KEY_UISupportedInterfaceOrientations_iPad = "UIInterfaceOrientationPortrait UIInterfaceOrientationPortraitUpsideDown UIInterfaceOrientationLandscapeLeft UIInterfaceOrientationLandscapeRight";
				INFOPLIST_KEY_UISupportedInterfaceOrientations_iPhone = "UIInterfaceOrientationPortrait UIInterfaceOrientationLandscapeLeft UIInterfaceOrientationLandscapeRight";
				LD_RUNPATH_SEARCH_PATHS = (
					"$(inherited)",
					"@executable_path/Frameworks",
				);
				MARKETING_VERSION = 1.0;
				PRODUCT_BUNDLE_IDENTIFIER = com.yesserkepov.HalykStocks;
				PRODUCT_NAME = "$(TARGET_NAME)";
				SWIFT_EMIT_LOC_STRINGS = YES;
				SWIFT_VERSION = 5.0;
				TARGETED_DEVICE_FAMILY = "1,2";
			};
			name = Release;
		};
/* End XCBuildConfiguration section */

/* Begin XCConfigurationList section */
		CEA38664283D3F6A0061FCF0 /* Build configuration list for PBXProject "HalykStocks" */ = {
			isa = XCConfigurationList;
			buildConfigurations = (
				CEA3867B283D3F6D0061FCF0 /* Debug */,
				CEA3867C283D3F6D0061FCF0 /* Release */,
			);
			defaultConfigurationIsVisible = 0;
			defaultConfigurationName = Release;
		};
		CEA3867D283D3F6D0061FCF0 /* Build configuration list for PBXNativeTarget "HalykStocks" */ = {
			isa = XCConfigurationList;
			buildConfigurations = (
				CEA3867E283D3F6D0061FCF0 /* Debug */,
				CEA3867F283D3F6D0061FCF0 /* Release */,
			);
			defaultConfigurationIsVisible = 0;
			defaultConfigurationName = Release;
		};
/* End XCConfigurationList section */
	};
	rootObject = CEA38661283D3F6A0061FCF0 /* Project object */;
}
