PODS:
  - Charts (4.0.3):
    - Charts/Core (= 4.0.3)
  - Charts/Core (4.0.3):
    - SwiftAlgorithms (~> 1.0)
  - Kingfisher (6.3.0)
  - SnapKit (5.0.1)
  - SwiftAlgorithms (1.0.0)

DEPENDENCIES:
  - Charts
  - Kingfisher
  - SnapKit

SPEC REPOS:
  trunk:
    - Charts
    - Kingfisher
    - SnapKit
    - SwiftAlgorithms

SPEC CHECKSUMS:
  Charts: d959d6723c8eedfdd0735dfc28cb0a71762ac4d9
  Kingfisher: 6c3df386db71d82c0817a429d2c9421a77396529
  SnapKit: 97b92857e3df3a0c71833cce143274bf6ef8e5eb
  SwiftAlgorithms: 38dda4731d19027fdeee1125f973111bf3386b53

PODFILE CHECKSUM: dc22e55ace75247b34444a661c76fb7f10990e3c

COCOAPODS: 1.11.3
